
Microsoft Visual Studio Solution File, Format Version 12.00
# Visual Studio Version 17
VisualStudioVersion = 17.10.35004.147
MinimumVisualStudioVersion = 10.0.40219.1
Project("{2150E333-8FDC-42A3-9474-1A3956D46DE8}") = "Src", "Src", "{3FA2591C-ECA6-493D-8AED-41A3797C8C12}"
EndProject
Project("{2150E333-8FDC-42A3-9474-1A3956D46DE8}") = "DataAccess", "DataAccess", "{67231197-A144-4F8D-AA8D-17A9F3ECE720}"
EndProject
Project("{9A19103F-16F7-4668-BE54-9A1E7A4F7556}") = "DmTool.Efc.Sql", "DmTool.Efc.Sql\DmTool.Efc.Sql.csproj", "{B07E5230-60B8-4E18-8C1D-8E8BEAF44313}"
EndProject
Project("{2150E333-8FDC-42A3-9474-1A3956D46DE8}") = "Shared", "Shared", "{04CAC1C1-1FF2-4B43-ACC2-3C83EB94F8B1}"
EndProject
Project("{9A19103F-16F7-4668-BE54-9A1E7A4F7556}") = "DmTool.Shared", "DmTool.Shared\DmTool.Shared.csproj", "{CD25DC74-BC11-4BBC-A18F-F528BCABE9E6}"
EndProject
Project("{2150E333-8FDC-42A3-9474-1A3956D46DE8}") = "Frontend", "Frontend", "{C6F72346-3C84-458E-9524-8E7959B52F5C}"
EndProject
Project("{FAE04EC0-301F-11D3-BF4B-00C04F79EFBC}") = "DmTool.Blazor", "DmTool.Blazor\DmTool.Blazor.csproj", "{E1E21850-F10E-446F-A67F-58F0560BDB18}"
EndProject
Project("{2150E333-8FDC-42A3-9474-1A3956D46DE8}") = "Solution Items", "Solution Items", "{54D460D2-841A-48D5-B84B-E17A7C814933}"
	ProjectSection(SolutionItems) = preProject
		Todo.md = Todo.md
	EndProjectSection
EndProject
Global
	GlobalSection(SolutionConfigurationPlatforms) = preSolution
		Debug|Any CPU = Debug|Any CPU
		Release|Any CPU = Release|Any CPU
	EndGlobalSection
	GlobalSection(ProjectConfigurationPlatforms) = postSolution
		{B07E5230-60B8-4E18-8C1D-8E8BEAF44313}.Debug|Any CPU.ActiveCfg = Debug|Any CPU
		{B07E5230-60B8-4E18-8C1D-8E8BEAF44313}.Debug|Any CPU.Build.0 = Debug|Any CPU
		{B07E5230-60B8-4E18-8C1D-8E8BEAF44313}.Release|Any CPU.ActiveCfg = Release|Any CPU
		{B07E5230-60B8-4E18-8C1D-8E8BEAF44313}.Release|Any CPU.Build.0 = Release|Any CPU
		{CD25DC74-BC11-4BBC-A18F-F528BCABE9E6}.Debug|Any CPU.ActiveCfg = Debug|Any CPU
		{CD25DC74-BC11-4BBC-A18F-F528BCABE9E6}.Debug|Any CPU.Build.0 = Debug|Any CPU
		{CD25DC74-BC11-4BBC-A18F-F528BCABE9E6}.Release|Any CPU.ActiveCfg = Release|Any CPU
		{CD25DC74-BC11-4BBC-A18F-F528BCABE9E6}.Release|Any CPU.Build.0 = Release|Any CPU
		{E1E21850-F10E-446F-A67F-58F0560BDB18}.Debug|Any CPU.ActiveCfg = Debug|Any CPU
		{E1E21850-F10E-446F-A67F-58F0560BDB18}.Debug|Any CPU.Build.0 = Debug|Any CPU
		{E1E21850-F10E-446F-A67F-58F0560BDB18}.Release|Any CPU.ActiveCfg = Release|Any CPU
		{E1E21850-F10E-446F-A67F-58F0560BDB18}.Release|Any CPU.Build.0 = Release|Any CPU
	EndGlobalSection
	GlobalSection(SolutionProperties) = preSolution
		HideSolutionNode = FALSE
	EndGlobalSection
	GlobalSection(NestedProjects) = preSolution
		{67231197-A144-4F8D-AA8D-17A9F3ECE720} = {3FA2591C-ECA6-493D-8AED-41A3797C8C12}
		{B07E5230-60B8-4E18-8C1D-8E8BEAF44313} = {67231197-A144-4F8D-AA8D-17A9F3ECE720}
		{04CAC1C1-1FF2-4B43-ACC2-3C83EB94F8B1} = {3FA2591C-ECA6-493D-8AED-41A3797C8C12}
		{CD25DC74-BC11-4BBC-A18F-F528BCABE9E6} = {04CAC1C1-1FF2-4B43-ACC2-3C83EB94F8B1}
		{C6F72346-3C84-458E-9524-8E7959B52F5C} = {3FA2591C-ECA6-493D-8AED-41A3797C8C12}
		{E1E21850-F10E-446F-A67F-58F0560BDB18} = {C6F72346-3C84-458E-9524-8E7959B52F5C}
	EndGlobalSection
	GlobalSection(ExtensibilityGlobals) = postSolution
		SolutionGuid = {F41394BE-4609-410C-8D87-727D1EC8E25F}
	EndGlobalSection
EndGlobal
